// !$*UTF8*$!
{
	archiveVersion = 1;
	classes = {
	};
	objectVersion = 50;
	objects = {

/* Begin PBXBuildFile section */
		844F5FF821839E8300F48224 /* AppDelegate.swift in Sources */ = {isa = PBXBuildFile; fileRef = 844F5FF721839E8300F48224 /* AppDelegate.swift */; };
		844F5FFA21839E8300F48224 /* ViewController.swift in Sources */ = {isa = PBXBuildFile; fileRef = 844F5FF921839E8300F48224 /* ViewController.swift */; };
		844F5FFD21839E8300F48224 /* Main.storyboard in Resources */ = {isa = PBXBuildFile; fileRef = 844F5FFB21839E8300F48224 /* Main.storyboard */; };
		844F5FFF21839E8400F48224 /* Assets.xcassets in Resources */ = {isa = PBXBuildFile; fileRef = 844F5FFE21839E8400F48224 /* Assets.xcassets */; };
		844F600221839E8400F48224 /* LaunchScreen.storyboard in Resources */ = {isa = PBXBuildFile; fileRef = 844F600021839E8400F48224 /* LaunchScreen.storyboard */; };
		844F600C2183A15B00F48224 /* FAPopoverInteractiveTransition.swift in Sources */ = {isa = PBXBuildFile; fileRef = 844F600A2183A15B00F48224 /* FAPopoverInteractiveTransition.swift */; };
		844F600D2183A15B00F48224 /* FAPopoverPullDownView.swift in Sources */ = {isa = PBXBuildFile; fileRef = 844F600B2183A15B00F48224 /* FAPopoverPullDownView.swift */; };
		844F600F2183A1EC00F48224 /* PopoverViewController.swift in Sources */ = {isa = PBXBuildFile; fileRef = 844F600E2183A1EC00F48224 /* PopoverViewController.swift */; };
		844F60112183A29000F48224 /* StatusBarStyleFix.swift in Sources */ = {isa = PBXBuildFile; fileRef = 844F60102183A29000F48224 /* StatusBarStyleFix.swift */; };
/* End PBXBuildFile section */

/* Begin PBXFileReference section */
		844F5FF421839E8300F48224 /* FAPopoverInteractiveTransition.app */ = {isa = PBXFileReference; explicitFileType = wrapper.application; includeInIndex = 0; path = FAPopoverInteractiveTransition.app; sourceTree = BUILT_PRODUCTS_DIR; };
		844F5FF721839E8300F48224 /* AppDelegate.swift */ = {isa = PBXFileReference; lastKnownFileType = sourcecode.swift; path = AppDelegate.swift; sourceTree = "<group>"; };
		844F5FF921839E8300F48224 /* ViewController.swift */ = {isa = PBXFileReference; lastKnownFileType = sourcecode.swift; path = ViewController.swift; sourceTree = "<group>"; };
		844F5FFC21839E8300F48224 /* Base */ = {isa = PBXFileReference; lastKnownFileType = file.storyboard; name = Base; path = Base.lproj/Main.storyboard; sourceTree = "<group>"; };
		844F5FFE21839E8400F48224 /* Assets.xcassets */ = {isa = PBXFileReference; lastKnownFileType = folder.assetcatalog; path = Assets.xcassets; sourceTree = "<group>"; };
		844F600121839E8400F48224 /* Base */ = {isa = PBXFileReference; lastKnownFileType = file.storyboard; name = Base; path = Base.lproj/LaunchScreen.storyboard; sourceTree = "<group>"; };
		844F600321839E8400F48224 /* Info.plist */ = {isa = PBXFileReference; lastKnownFileType = text.plist.xml; path = Info.plist; sourceTree = "<group>"; };
		844F600A2183A15B00F48224 /* FAPopoverInteractiveTransition.swift */ = {isa = PBXFileReference; fileEncoding = 4; lastKnownFileType = sourcecode.swift; path = FAPopoverInteractiveTransition.swift; sourceTree = "<group>"; };
		844F600B2183A15B00F48224 /* FAPopoverPullDownView.swift */ = {isa = PBXFileReference; fileEncoding = 4; lastKnownFileType = sourcecode.swift; path = FAPopoverPullDownView.swift; sourceTree = "<group>"; };
		844F600E2183A1EC00F48224 /* PopoverViewController.swift */ = {isa = PBXFileReference; fileEncoding = 4; lastKnownFileType = sourcecode.swift; path = PopoverViewController.swift; sourceTree = "<group>"; };
		844F60102183A29000F48224 /* StatusBarStyleFix.swift */ = {isa = PBXFileReference; lastKnownFileType = sourcecode.swift; path = StatusBarStyleFix.swift; sourceTree = "<group>"; };
/* End PBXFileReference section */

/* Begin PBXFrameworksBuildPhase section */
		844F5FF121839E8300F48224 /* Frameworks */ = {
			isa = PBXFrameworksBuildPhase;
			buildActionMask = 2147483647;
			files = (
			);
			runOnlyForDeploymentPostprocessing = 0;
		};
/* End PBXFrameworksBuildPhase section */

/* Begin PBXGroup section */
		844F5FEB21839E8300F48224 = {
			isa = PBXGroup;
			children = (
				844F60092183A15B00F48224 /* Sources */,
				844F5FF621839E8300F48224 /* FAPopoverInteractiveTransition */,
				844F5FF521839E8300F48224 /* Products */,
			);
			sourceTree = "<group>";
		};
		844F5FF521839E8300F48224 /* Products */ = {
			isa = PBXGroup;
			children = (
				844F5FF421839E8300F48224 /* FAPopoverInteractiveTransition.app */,
			);
			name = Products;
			sourceTree = "<group>";
		};
		844F5FF621839E8300F48224 /* FAPopoverInteractiveTransition */ = {
			isa = PBXGroup;
			children = (
				844F5FF721839E8300F48224 /* AppDelegate.swift */,
				844F60102183A29000F48224 /* StatusBarStyleFix.swift */,
				844F5FF921839E8300F48224 /* ViewController.swift */,
				844F600E2183A1EC00F48224 /* PopoverViewController.swift */,
				844F5FFB21839E8300F48224 /* Main.storyboard */,
				844F5FFE21839E8400F48224 /* Assets.xcassets */,
				844F600021839E8400F48224 /* LaunchScreen.storyboard */,
				844F600321839E8400F48224 /* Info.plist */,
			);
			path = FAPopoverInteractiveTransition;
			sourceTree = "<group>";
		};
		844F60092183A15B00F48224 /* Sources */ = {
			isa = PBXGroup;
			children = (
				844F600A2183A15B00F48224 /* FAPopoverInteractiveTransition.swift */,
				844F600B2183A15B00F48224 /* FAPopoverPullDownView.swift */,
			);
			path = Sources;
			sourceTree = "<group>";
		};
/* End PBXGroup section */

/* Begin PBXNativeTarget section */
		844F5FF321839E8300F48224 /* FAPopoverInteractiveTransition */ = {
			isa = PBXNativeTarget;
			buildConfigurationList = 844F600621839E8400F48224 /* Build configuration list for PBXNativeTarget "FAPopoverInteractiveTransition" */;
			buildPhases = (
				844F5FF021839E8300F48224 /* Sources */,
				844F5FF121839E8300F48224 /* Frameworks */,
				844F5FF221839E8300F48224 /* Resources */,
			);
			buildRules = (
			);
			dependencies = (
			);
			name = FAPopoverInteractiveTransition;
			productName = FAPopoverInteractiveTransition;
			productReference = 844F5FF421839E8300F48224 /* FAPopoverInteractiveTransition.app */;
			productType = "com.apple.product-type.application";
		};
/* End PBXNativeTarget section */

/* Begin PBXProject section */
		844F5FEC21839E8300F48224 /* Project object */ = {
			isa = PBXProject;
			attributes = {
				CLASSPREFIX = "";
				LastSwiftUpdateCheck = 1000;
				LastUpgradeCheck = 1000;
				ORGANIZATIONNAME = example;
				TargetAttributes = {
					844F5FF321839E8300F48224 = {
						CreatedOnToolsVersion = 10.0;
					};
				};
			};
			buildConfigurationList = 844F5FEF21839E8300F48224 /* Build configuration list for PBXProject "FAPopoverInteractiveTransition" */;
			compatibilityVersion = "Xcode 9.3";
			developmentRegion = en;
			hasScannedForEncodings = 0;
			knownRegions = (
				en,
				Base,
			);
			mainGroup = 844F5FEB21839E8300F48224;
			productRefGroup = 844F5FF521839E8300F48224 /* Products */;
			projectDirPath = "";
			projectRoot = "";
			targets = (
				844F5FF321839E8300F48224 /* FAPopoverInteractiveTransition */,
			);
		};
/* End PBXProject section */

/* Begin PBXResourcesBuildPhase section */
		844F5FF221839E8300F48224 /* Resources */ = {
			isa = PBXResourcesBuildPhase;
			buildActionMask = 2147483647;
			files = (
				844F600221839E8400F48224 /* LaunchScreen.storyboard in Resources */,
				844F5FFF21839E8400F48224 /* Assets.xcassets in Resources */,
				844F5FFD21839E8300F48224 /* Main.storyboard in Resources */,
			);
			runOnlyForDeploymentPostprocessing = 0;
		};
/* End PBXResourcesBuildPhase section */

/* Begin PBXSourcesBuildPhase section */
		844F5FF021839E8300F48224 /* Sources */ = {
			isa = PBXSourcesBuildPhase;
			buildActionMask = 2147483647;
			files = (
				844F600D2183A15B00F48224 /* FAPopoverPullDownView.swift in Sources */,
				844F5FFA21839E8300F48224 /* ViewController.swift in Sources */,
				844F600F2183A1EC00F48224 /* PopoverViewController.swift in Sources */,
				844F60112183A29000F48224 /* StatusBarStyleFix.swift in Sources */,
				844F5FF821839E8300F48224 /* AppDelegate.swift in Sources */,
				844F600C2183A15B00F48224 /* FAPopoverInteractiveTransition.swift in Sources */,
			);
			runOnlyForDeploymentPostprocessing = 0;
		};
/* End PBXSourcesBuildPhase section */

/* Begin PBXVariantGroup section */
		844F5FFB21839E8300F48224 /* Main.storyboard */ = {
			isa = PBXVariantGroup;
			children = (
				844F5FFC21839E8300F48224 /* Base */,
			);
			name = Main.storyboard;
			sourceTree = "<group>";
		};
		844F600021839E8400F48224 /* LaunchScreen.storyboard */ = {
			isa = PBXVariantGroup;
			children = (
				844F600121839E8400F48224 /* Base */,
			);
			name = LaunchScreen.storyboard;
			sourceTree = "<group>";
		};
/* End PBXVariantGroup section */

/* Begin XCBuildConfiguration section */
		844F600421839E8400F48224 /* Debug */ = {
			isa = XCBuildConfiguration;
			buildSettings = {
				ALWAYS_SEARCH_USER_PATHS = NO;
				CLANG_ANALYZER_NONNULL = YES;
				CLANG_ANALYZER_NUMBER_OBJECT_CONVERSION = YES_AGGRESSIVE;
				CLANG_CXX_LANGUAGE_STANDARD = "gnu++14";
				CLANG_CXX_LIBRARY = "libc++";
				CLANG_ENABLE_MODULES = YES;
				CLANG_ENABLE_OBJC_ARC = YES;
				CLANG_ENABLE_OBJC_WEAK = YES;
				CLANG_WARN_BLOCK_CAPTURE_AUTORELEASING = YES;
				CLANG_WARN_BOOL_CONVERSION = YES;
				CLANG_WARN_COMMA = YES;
				CLANG_WARN_CONSTANT_CONVERSION = YES;
				CLANG_WARN_DEPRECATED_OBJC_IMPLEMENTATIONS = YES;
				CLANG_WARN_DIRECT_OBJC_ISA_USAGE = YES_ERROR;
				CLANG_WARN_DOCUMENTATION_COMMENTS = YES;
				CLANG_WARN_EMPTY_BODY = YES;
				CLANG_WARN_ENUM_CONVERSION = YES;
				CLANG_WARN_INFINITE_RECURSION = YES;
				CLANG_WARN_INT_CONVERSION = YES;
				CLANG_WARN_NON_LITERAL_NULL_CONVERSION = YES;
				CLANG_WARN_OBJC_IMPLICIT_RETAIN_SELF = YES;
				CLANG_WARN_OBJC_LITERAL_CONVERSION = YES;
				CLANG_WARN_OBJC_ROOT_CLASS = YES_ERROR;
				CLANG_WARN_RANGE_LOOP_ANALYSIS = YES;
				CLANG_WARN_STRICT_PROTOTYPES = YES;
				CLANG_WARN_SUSPICIOUS_MOVE = YES;
				CLANG_WARN_UNGUARDED_AVAILABILITY = YES_AGGRESSIVE;
				CLANG_WARN_UNREACHABLE_CODE = YES;
				CLANG_WARN__DUPLICATE_METHOD_MATCH = YES;
				CODE_SIGN_IDENTITY = "iPhone Developer";
				COPY_PHASE_STRIP = NO;
				DEBUG_INFORMATION_FORMAT = dwarf;
				ENABLE_STRICT_OBJC_MSGSEND = YES;
				ENABLE_TESTABILITY = YES;
				GCC_C_LANGUAGE_STANDARD = gnu11;
				GCC_DYNAMIC_NO_PIC = NO;
				GCC_NO_COMMON_BLOCKS = YES;
				GCC_OPTIMIZATION_LEVEL = 0;
				GCC_PREPROCESSOR_DEFINITIONS = (
					"DEBUG=1",
					"$(inherited)",
				);
				GCC_WARN_64_TO_32_BIT_CONVERSION = YES;
				GCC_WARN_ABOUT_RETURN_TYPE = YES_ERROR;
				GCC_WARN_UNDECLARED_SELECTOR = YES;
				GCC_WARN_UNINITIALIZED_AUTOS = YES_AGGRESSIVE;
				GCC_WARN_UNUSED_FUNCTION = YES;
				GCC_WARN_UNUSED_VARIABLE = YES;
				IPHONEOS_DEPLOYMENT_TARGET = 12.0;
				MTL_ENABLE_DEBUG_INFO = INCLUDE_SOURCE;
				MTL_FAST_MATH = YES;
				ONLY_ACTIVE_ARCH = YES;
				SDKROOT = iphoneos;
				SWIFT_ACTIVE_COMPILATION_CONDITIONS = DEBUG;
				SWIFT_OPTIMIZATION_LEVEL = "-Onone";
			};
			name = Debug;
		};
		844F600521839E8400F48224 /* Release */ = {
			isa = XCBuildConfiguration;
			buildSettings = {
				ALWAYS_SEARCH_USER_PATHS = NO;
				CLANG_ANALYZER_NONNULL = YES;
				CLANG_ANALYZER_NUMBER_OBJECT_CONVERSION = YES_AGGRESSIVE;
				CLANG_CXX_LANGUAGE_STANDARD = "gnu++14";
				CLANG_CXX_LIBRARY = "libc++";
				CLANG_ENABLE_MODULES = YES;
				CLANG_ENABLE_OBJC_ARC = YES;
				CLANG_ENABLE_OBJC_WEAK = YES;
				CLANG_WARN_BLOCK_CAPTURE_AUTORELEASING = YES;
				CLANG_WARN_BOOL_CONVERSION = YES;
				CLANG_WARN_COMMA = YES;
				CLANG_WARN_CONSTANT_CONVERSION = YES;
				CLANG_WARN_DEPRECATED_OBJC_IMPLEMENTATIONS = YES;
				CLANG_WARN_DIRECT_OBJC_ISA_USAGE = YES_ERROR;
				CLANG_WARN_DOCUMENTATION_COMMENTS = YES;
				CLANG_WARN_EMPTY_BODY = YES;
				CLANG_WARN_ENUM_CONVERSION = YES;
				CLANG_WARN_INFINITE_RECURSION = YES;
				CLANG_WARN_INT_CONVERSION = YES;
				CLANG_WARN_NON_LITERAL_NULL_CONVERSION = YES;
				CLANG_WARN_OBJC_IMPLICIT_RETAIN_SELF = YES;
				CLANG_WARN_OBJC_LITERAL_CONVERSION = YES;
				CLANG_WARN_OBJC_ROOT_CLASS = YES_ERROR;
				CLANG_WARN_RANGE_LOOP_ANALYSIS = YES;
				CLANG_WARN_STRICT_PROTOTYPES = YES;
				CLANG_WARN_SUSPICIOUS_MOVE = YES;
				CLANG_WARN_UNGUARDED_AVAILABILITY = YES_AGGRESSIVE;
				CLANG_WARN_UNREACHABLE_CODE = YES;
				CLANG_WARN__DUPLICATE_METHOD_MATCH = YES;
				CODE_SIGN_IDENTITY = "iPhone Developer";
				COPY_PHASE_STRIP = NO;
				DEBUG_INFORMATION_FORMAT = "dwarf-with-dsym";
				ENABLE_NS_ASSERTIONS = NO;
				ENABLE_STRICT_OBJC_MSGSEND = YES;
				GCC_C_LANGUAGE_STANDARD = gnu11;
				GCC_NO_COMMON_BLOCKS = YES;
				GCC_WARN_64_TO_32_BIT_CONVERSION = YES;
				GCC_WARN_ABOUT_RETURN_TYPE = YES_ERROR;
				GCC_WARN_UNDECLARED_SELECTOR = YES;
				GCC_WARN_UNINITIALIZED_AUTOS = YES_AGGRESSIVE;
				GCC_WARN_UNUSED_FUNCTION = YES;
				GCC_WARN_UNUSED_VARIABLE = YES;
				IPHONEOS_DEPLOYMENT_TARGET = 12.0;
				MTL_ENABLE_DEBUG_INFO = NO;
				MTL_FAST_MATH = YES;
				SDKROOT = iphoneos;
				SWIFT_COMPILATION_MODE = wholemodule;
				SWIFT_OPTIMIZATION_LEVEL = "-O";
				VALIDATE_PRODUCT = YES;
			};
			name = Release;
		};
		844F600721839E8400F48224 /* Debug */ = {
			isa = XCBuildConfiguration;
			buildSettings = {
				ASSETCATALOG_COMPILER_APPICON_NAME = AppIcon;
				CODE_SIGN_STYLE = Automatic;
				DEVELOPMENT_TEAM = N33586GXQE;
				INFOPLIST_FILE = FAPopoverInteractiveTransition/Info.plist;
				IPHONEOS_DEPLOYMENT_TARGET = 9.0;
				LD_RUNPATH_SEARCH_PATHS = (
					"$(inherited)",
					"@executable_path/Frameworks",
				);
				PRODUCT_BUNDLE_IDENTIFIER = com.example.fa.FAPopoverInteractiveTransition;
				PRODUCT_NAME = "$(TARGET_NAME)";
				SWIFT_VERSION = 4.2;
				TARGETED_DEVICE_FAMILY = "1,2";
			};
			name = Debug;
		};
		844F600821839E8400F48224 /* Release */ = {
			isa = XCBuildConfiguration;
			buildSettings = {
				ASSETCATALOG_COMPILER_APPICON_NAME = AppIcon;
				CODE_SIGN_STYLE = Automatic;
				DEVELOPMENT_TEAM = N33586GXQE;
				INFOPLIST_FILE = FAPopoverInteractiveTransition/Info.plist;
				IPHONEOS_DEPLOYMENT_TARGET = 9.0;
				LD_RUNPATH_SEARCH_PATHS = (
					"$(inherited)",
					"@executable_path/Frameworks",
				);
				PRODUCT_BUNDLE_IDENTIFIER = com.example.fa.FAPopoverInteractiveTransition;
				PRODUCT_NAME = "$(TARGET_NAME)";
				SWIFT_VERSION = 4.2;
				TARGETED_DEVICE_FAMILY = "1,2";
			};
			name = Release;
		};
/* End XCBuildConfiguration section */

/* Begin XCConfigurationList section */
		844F5FEF21839E8300F48224 /* Build configuration list for PBXProject "FAPopoverInteractiveTransition" */ = {
			isa = XCConfigurationList;
			buildConfigurations = (
				844F600421839E8400F48224 /* Debug */,
				844F600521839E8400F48224 /* Release */,
			);
			defaultConfigurationIsVisible = 0;
			defaultConfigurationName = Release;
		};
		844F600621839E8400F48224 /* Build configuration list for PBXNativeTarget "FAPopoverInteractiveTransition" */ = {
			isa = XCConfigurationList;
			buildConfigurations = (
				844F600721839E8400F48224 /* Debug */,
				844F600821839E8400F48224 /* Release */,
			);
			defaultConfigurationIsVisible = 0;
			defaultConfigurationName = Release;
		};
/* End XCConfigurationList section */
	};
	rootObject = 844F5FEC21839E8300F48224 /* Project object */;
}
